// !$*UTF8*$!
{
	archiveVersion = 1;
	classes = {
	};
	objectVersion = 51;
	objects = {

/* Begin PBXBuildFile section */
		13B6B080B1BAE8CBB572E649 /* Pods_MikanNavi_MikanNaviUITests.framework in Frameworks */ = {isa = PBXBuildFile; fileRef = 72F7F8C81D2A44DC6F64C656 /* Pods_MikanNavi_MikanNaviUITests.framework */; };
		179A8E462597ADE300ECCB72 /* LoginViewController.swift in Sources */ = {isa = PBXBuildFile; fileRef = 179A8E452597ADE300ECCB72 /* LoginViewController.swift */; };
		179A8E832597B1A700ECCB72 /* ContainerViewController.swift in Sources */ = {isa = PBXBuildFile; fileRef = 179A8E822597B1A700ECCB72 /* ContainerViewController.swift */; };
		179A8E8C2597B21B00ECCB72 /* CustomTableViewCell.swift in Sources */ = {isa = PBXBuildFile; fileRef = 179A8E8A2597B21B00ECCB72 /* CustomTableViewCell.swift */; };
		179A8E8D2597B21B00ECCB72 /* CustomTableViewCell.xib in Resources */ = {isa = PBXBuildFile; fileRef = 179A8E8B2597B21B00ECCB72 /* CustomTableViewCell.xib */; };
		17EF77F52596EA2E003E7DB9 /* AppDelegate.swift in Sources */ = {isa = PBXBuildFile; fileRef = 17EF77F42596EA2E003E7DB9 /* AppDelegate.swift */; };
		17EF77F72596EA2E003E7DB9 /* SceneDelegate.swift in Sources */ = {isa = PBXBuildFile; fileRef = 17EF77F62596EA2E003E7DB9 /* SceneDelegate.swift */; };
		17EF77F92596EA2E003E7DB9 /* ViewController.swift in Sources */ = {isa = PBXBuildFile; fileRef = 17EF77F82596EA2E003E7DB9 /* ViewController.swift */; };
		17EF77FC2596EA2E003E7DB9 /* Main.storyboard in Resources */ = {isa = PBXBuildFile; fileRef = 17EF77FA2596EA2E003E7DB9 /* Main.storyboard */; };
		17EF77FE2596EA36003E7DB9 /* Assets.xcassets in Resources */ = {isa = PBXBuildFile; fileRef = 17EF77FD2596EA36003E7DB9 /* Assets.xcassets */; };
		17EF78012596EA36003E7DB9 /* LaunchScreen.storyboard in Resources */ = {isa = PBXBuildFile; fileRef = 17EF77FF2596EA36003E7DB9 /* LaunchScreen.storyboard */; };
		17EF780C2596EA37003E7DB9 /* MikanNaviTests.swift in Sources */ = {isa = PBXBuildFile; fileRef = 17EF780B2596EA37003E7DB9 /* MikanNaviTests.swift */; };
		17EF78172596EA37003E7DB9 /* MikanNaviUITests.swift in Sources */ = {isa = PBXBuildFile; fileRef = 17EF78162596EA37003E7DB9 /* MikanNaviUITests.swift */; };
		17EF78342596EEF8003E7DB9 /* LoginView.storyboard in Resources */ = {isa = PBXBuildFile; fileRef = 17EF78332596EEF8003E7DB9 /* LoginView.storyboard */; };
		17EF785425970C32003E7DB9 /* PostOrangeViewController.swift in Sources */ = {isa = PBXBuildFile; fileRef = 17EF785325970C32003E7DB9 /* PostOrangeViewController.swift */; };
		17EF785925970C56003E7DB9 /* PostOrangeView.storyboard in Resources */ = {isa = PBXBuildFile; fileRef = 17EF785825970C56003E7DB9 /* PostOrangeView.storyboard */; };
		55416AB4B8EE3AD9A7389031 /* Pods_MikanNavi.framework in Frameworks */ = {isa = PBXBuildFile; fileRef = 5E9B962245D1053164EB81AD /* Pods_MikanNavi.framework */; };
		F49B3E8B8A4BF9DDC273B0A4 /* Pods_MikanNaviTests.framework in Frameworks */ = {isa = PBXBuildFile; fileRef = FF127D38AD6FC6C564586CF9 /* Pods_MikanNaviTests.framework */; };
/* End PBXBuildFile section */

/* Begin PBXContainerItemProxy section */
		17EF78082596EA37003E7DB9 /* PBXContainerItemProxy */ = {
			isa = PBXContainerItemProxy;
			containerPortal = 17EF77E92596EA2E003E7DB9 /* Project object */;
			proxyType = 1;
			remoteGlobalIDString = 17EF77F02596EA2E003E7DB9;
			remoteInfo = MikanNavi;
		};
		17EF78132596EA37003E7DB9 /* PBXContainerItemProxy */ = {
			isa = PBXContainerItemProxy;
			containerPortal = 17EF77E92596EA2E003E7DB9 /* Project object */;
			proxyType = 1;
			remoteGlobalIDString = 17EF77F02596EA2E003E7DB9;
			remoteInfo = MikanNavi;
		};
/* End PBXContainerItemProxy section */

/* Begin PBXFileReference section */
		179A8E452597ADE300ECCB72 /* LoginViewController.swift */ = {isa = PBXFileReference; fileEncoding = 4; lastKnownFileType = sourcecode.swift; path = LoginViewController.swift; sourceTree = "<group>"; };
		179A8E822597B1A700ECCB72 /* ContainerViewController.swift */ = {isa = PBXFileReference; lastKnownFileType = sourcecode.swift; path = ContainerViewController.swift; sourceTree = "<group>"; };
		179A8E8A2597B21B00ECCB72 /* CustomTableViewCell.swift */ = {isa = PBXFileReference; lastKnownFileType = sourcecode.swift; path = CustomTableViewCell.swift; sourceTree = "<group>"; };
		179A8E8B2597B21B00ECCB72 /* CustomTableViewCell.xib */ = {isa = PBXFileReference; lastKnownFileType = file.xib; path = CustomTableViewCell.xib; sourceTree = "<group>"; };
		17EF77F12596EA2E003E7DB9 /* MikanNavi.app */ = {isa = PBXFileReference; explicitFileType = wrapper.application; includeInIndex = 0; path = MikanNavi.app; sourceTree = BUILT_PRODUCTS_DIR; };
		17EF77F42596EA2E003E7DB9 /* AppDelegate.swift */ = {isa = PBXFileReference; lastKnownFileType = sourcecode.swift; path = AppDelegate.swift; sourceTree = "<group>"; };
		17EF77F62596EA2E003E7DB9 /* SceneDelegate.swift */ = {isa = PBXFileReference; lastKnownFileType = sourcecode.swift; path = SceneDelegate.swift; sourceTree = "<group>"; };
		17EF77F82596EA2E003E7DB9 /* ViewController.swift */ = {isa = PBXFileReference; lastKnownFileType = sourcecode.swift; path = ViewController.swift; sourceTree = "<group>"; };
		17EF77FB2596EA2E003E7DB9 /* Base */ = {isa = PBXFileReference; lastKnownFileType = file.storyboard; name = Base; path = Base.lproj/Main.storyboard; sourceTree = "<group>"; };
		17EF77FD2596EA36003E7DB9 /* Assets.xcassets */ = {isa = PBXFileReference; lastKnownFileType = folder.assetcatalog; path = Assets.xcassets; sourceTree = "<group>"; };
		17EF78002596EA36003E7DB9 /* Base */ = {isa = PBXFileReference; lastKnownFileType = file.storyboard; name = Base; path = Base.lproj/LaunchScreen.storyboard; sourceTree = "<group>"; };
		17EF78022596EA36003E7DB9 /* Info.plist */ = {isa = PBXFileReference; lastKnownFileType = text.plist.xml; path = Info.plist; sourceTree = "<group>"; };
		17EF78072596EA37003E7DB9 /* MikanNaviTests.xctest */ = {isa = PBXFileReference; explicitFileType = wrapper.cfbundle; includeInIndex = 0; path = MikanNaviTests.xctest; sourceTree = BUILT_PRODUCTS_DIR; };
		17EF780B2596EA37003E7DB9 /* MikanNaviTests.swift */ = {isa = PBXFileReference; lastKnownFileType = sourcecode.swift; path = MikanNaviTests.swift; sourceTree = "<group>"; };
		17EF780D2596EA37003E7DB9 /* Info.plist */ = {isa = PBXFileReference; lastKnownFileType = text.plist.xml; path = Info.plist; sourceTree = "<group>"; };
		17EF78122596EA37003E7DB9 /* MikanNaviUITests.xctest */ = {isa = PBXFileReference; explicitFileType = wrapper.cfbundle; includeInIndex = 0; path = MikanNaviUITests.xctest; sourceTree = BUILT_PRODUCTS_DIR; };
		17EF78162596EA37003E7DB9 /* MikanNaviUITests.swift */ = {isa = PBXFileReference; lastKnownFileType = sourcecode.swift; path = MikanNaviUITests.swift; sourceTree = "<group>"; };
		17EF78182596EA37003E7DB9 /* Info.plist */ = {isa = PBXFileReference; lastKnownFileType = text.plist.xml; path = Info.plist; sourceTree = "<group>"; };
		17EF78332596EEF8003E7DB9 /* LoginView.storyboard */ = {isa = PBXFileReference; lastKnownFileType = file.storyboard; path = LoginView.storyboard; sourceTree = "<group>"; };
		17EF785325970C32003E7DB9 /* PostOrangeViewController.swift */ = {isa = PBXFileReference; lastKnownFileType = sourcecode.swift; path = PostOrangeViewController.swift; sourceTree = "<group>"; };
		17EF785825970C56003E7DB9 /* PostOrangeView.storyboard */ = {isa = PBXFileReference; lastKnownFileType = file.storyboard; path = PostOrangeView.storyboard; sourceTree = "<group>"; };
		3D38D45B6A9AFD07A21B1525 /* Pods-MikanNavi-MikanNaviUITests.release.xcconfig */ = {isa = PBXFileReference; includeInIndex = 1; lastKnownFileType = text.xcconfig; name = "Pods-MikanNavi-MikanNaviUITests.release.xcconfig"; path = "Target Support Files/Pods-MikanNavi-MikanNaviUITests/Pods-MikanNavi-MikanNaviUITests.release.xcconfig"; sourceTree = "<group>"; };
		596DF23BAE8EBA4AD442F373 /* Pods-MikanNaviTests.debug.xcconfig */ = {isa = PBXFileReference; includeInIndex = 1; lastKnownFileType = text.xcconfig; name = "Pods-MikanNaviTests.debug.xcconfig"; path = "Target Support Files/Pods-MikanNaviTests/Pods-MikanNaviTests.debug.xcconfig"; sourceTree = "<group>"; };
		59AE6663EE106D0F2770B4A3 /* Pods-MikanNavi.release.xcconfig */ = {isa = PBXFileReference; includeInIndex = 1; lastKnownFileType = text.xcconfig; name = "Pods-MikanNavi.release.xcconfig"; path = "Target Support Files/Pods-MikanNavi/Pods-MikanNavi.release.xcconfig"; sourceTree = "<group>"; };
		5E9B962245D1053164EB81AD /* Pods_MikanNavi.framework */ = {isa = PBXFileReference; explicitFileType = wrapper.framework; includeInIndex = 0; path = Pods_MikanNavi.framework; sourceTree = BUILT_PRODUCTS_DIR; };
		72F7F8C81D2A44DC6F64C656 /* Pods_MikanNavi_MikanNaviUITests.framework */ = {isa = PBXFileReference; explicitFileType = wrapper.framework; includeInIndex = 0; path = Pods_MikanNavi_MikanNaviUITests.framework; sourceTree = BUILT_PRODUCTS_DIR; };
		8E9717EB09EF78E24C22E565 /* Pods-MikanNaviTests.release.xcconfig */ = {isa = PBXFileReference; includeInIndex = 1; lastKnownFileType = text.xcconfig; name = "Pods-MikanNaviTests.release.xcconfig"; path = "Target Support Files/Pods-MikanNaviTests/Pods-MikanNaviTests.release.xcconfig"; sourceTree = "<group>"; };
		B3C0C228697AFD13DB7C5F0E /* Pods-MikanNavi.debug.xcconfig */ = {isa = PBXFileReference; includeInIndex = 1; lastKnownFileType = text.xcconfig; name = "Pods-MikanNavi.debug.xcconfig"; path = "Target Support Files/Pods-MikanNavi/Pods-MikanNavi.debug.xcconfig"; sourceTree = "<group>"; };
		F59D699BB6908D5BAB8D540E /* Pods-MikanNavi-MikanNaviUITests.debug.xcconfig */ = {isa = PBXFileReference; includeInIndex = 1; lastKnownFileType = text.xcconfig; name = "Pods-MikanNavi-MikanNaviUITests.debug.xcconfig"; path = "Target Support Files/Pods-MikanNavi-MikanNaviUITests/Pods-MikanNavi-MikanNaviUITests.debug.xcconfig"; sourceTree = "<group>"; };
		FF127D38AD6FC6C564586CF9 /* Pods_MikanNaviTests.framework */ = {isa = PBXFileReference; explicitFileType = wrapper.framework; includeInIndex = 0; path = Pods_MikanNaviTests.framework; sourceTree = BUILT_PRODUCTS_DIR; };
/* End PBXFileReference section */

/* Begin PBXFrameworksBuildPhase section */
		17EF77EE2596EA2E003E7DB9 /* Frameworks */ = {
			isa = PBXFrameworksBuildPhase;
			buildActionMask = 2147483647;
			files = (
				55416AB4B8EE3AD9A7389031 /* Pods_MikanNavi.framework in Frameworks */,
			);
			runOnlyForDeploymentPostprocessing = 0;
		};
		17EF78042596EA37003E7DB9 /* Frameworks */ = {
			isa = PBXFrameworksBuildPhase;
			buildActionMask = 2147483647;
			files = (
				F49B3E8B8A4BF9DDC273B0A4 /* Pods_MikanNaviTests.framework in Frameworks */,
			);
			runOnlyForDeploymentPostprocessing = 0;
		};
		17EF780F2596EA37003E7DB9 /* Frameworks */ = {
			isa = PBXFrameworksBuildPhase;
			buildActionMask = 2147483647;
			files = (
				13B6B080B1BAE8CBB572E649 /* Pods_MikanNavi_MikanNaviUITests.framework in Frameworks */,
			);
			runOnlyForDeploymentPostprocessing = 0;
		};
/* End PBXFrameworksBuildPhase section */

/* Begin PBXGroup section */
		179A8E812597B13800ECCB72 /* MainTable */ = {
			isa = PBXGroup;
			children = (
				179A8E822597B1A700ECCB72 /* ContainerViewController.swift */,
				179A8E8A2597B21B00ECCB72 /* CustomTableViewCell.swift */,
				179A8E8B2597B21B00ECCB72 /* CustomTableViewCell.xib */,
			);
			path = MainTable;
			sourceTree = "<group>";
		};
		17EF77E82596EA2E003E7DB9 = {
			isa = PBXGroup;
			children = (
				17EF77F32596EA2E003E7DB9 /* MikanNavi */,
				17EF780A2596EA37003E7DB9 /* MikanNaviTests */,
				17EF78152596EA37003E7DB9 /* MikanNaviUITests */,
				17EF77F22596EA2E003E7DB9 /* Products */,
				ACDB0971F16B344CD8EBFC03 /* Pods */,
				34D02A3722909C0C41594B8B /* Frameworks */,
			);
			sourceTree = "<group>";
		};
		17EF77F22596EA2E003E7DB9 /* Products */ = {
			isa = PBXGroup;
			children = (
				17EF77F12596EA2E003E7DB9 /* MikanNavi.app */,
				17EF78072596EA37003E7DB9 /* MikanNaviTests.xctest */,
				17EF78122596EA37003E7DB9 /* MikanNaviUITests.xctest */,
			);
			name = Products;
			sourceTree = "<group>";
		};
		17EF77F32596EA2E003E7DB9 /* MikanNavi */ = {
			isa = PBXGroup;
			children = (
				179A8E812597B13800ECCB72 /* MainTable */,
				17EF785225970BE5003E7DB9 /* PostOrange */,
				17EF782A2596EEB9003E7DB9 /* LogIn */,
				17EF77F42596EA2E003E7DB9 /* AppDelegate.swift */,
				17EF77F62596EA2E003E7DB9 /* SceneDelegate.swift */,
				17EF77F82596EA2E003E7DB9 /* ViewController.swift */,
				17EF77FA2596EA2E003E7DB9 /* Main.storyboard */,
				17EF77FD2596EA36003E7DB9 /* Assets.xcassets */,
				17EF77FF2596EA36003E7DB9 /* LaunchScreen.storyboard */,
				17EF78022596EA36003E7DB9 /* Info.plist */,
			);
			path = MikanNavi;
			sourceTree = "<group>";
		};
		17EF780A2596EA37003E7DB9 /* MikanNaviTests */ = {
			isa = PBXGroup;
			children = (
				17EF780B2596EA37003E7DB9 /* MikanNaviTests.swift */,
				17EF780D2596EA37003E7DB9 /* Info.plist */,
			);
			path = MikanNaviTests;
			sourceTree = "<group>";
		};
		17EF78152596EA37003E7DB9 /* MikanNaviUITests */ = {
			isa = PBXGroup;
			children = (
				17EF78162596EA37003E7DB9 /* MikanNaviUITests.swift */,
				17EF78182596EA37003E7DB9 /* Info.plist */,
			);
			path = MikanNaviUITests;
			sourceTree = "<group>";
		};
		17EF782A2596EEB9003E7DB9 /* LogIn */ = {
			isa = PBXGroup;
			children = (
				179A8E452597ADE300ECCB72 /* LoginViewController.swift */,
				17EF78332596EEF8003E7DB9 /* LoginView.storyboard */,
			);
			path = LogIn;
			sourceTree = "<group>";
		};
		17EF785225970BE5003E7DB9 /* PostOrange */ = {
			isa = PBXGroup;
			children = (
				17EF785325970C32003E7DB9 /* PostOrangeViewController.swift */,
				17EF785825970C56003E7DB9 /* PostOrangeView.storyboard */,
			);
			path = PostOrange;
			sourceTree = "<group>";
		};
		34D02A3722909C0C41594B8B /* Frameworks */ = {
			isa = PBXGroup;
			children = (
				5E9B962245D1053164EB81AD /* Pods_MikanNavi.framework */,
				72F7F8C81D2A44DC6F64C656 /* Pods_MikanNavi_MikanNaviUITests.framework */,
				FF127D38AD6FC6C564586CF9 /* Pods_MikanNaviTests.framework */,
			);
			name = Frameworks;
			sourceTree = "<group>";
		};
		ACDB0971F16B344CD8EBFC03 /* Pods */ = {
			isa = PBXGroup;
			children = (
				B3C0C228697AFD13DB7C5F0E /* Pods-MikanNavi.debug.xcconfig */,
				59AE6663EE106D0F2770B4A3 /* Pods-MikanNavi.release.xcconfig */,
				F59D699BB6908D5BAB8D540E /* Pods-MikanNavi-MikanNaviUITests.debug.xcconfig */,
				3D38D45B6A9AFD07A21B1525 /* Pods-MikanNavi-MikanNaviUITests.release.xcconfig */,
				596DF23BAE8EBA4AD442F373 /* Pods-MikanNaviTests.debug.xcconfig */,
				8E9717EB09EF78E24C22E565 /* Pods-MikanNaviTests.release.xcconfig */,
			);
			path = Pods;
			sourceTree = "<group>";
		};
/* End PBXGroup section */

/* Begin PBXNativeTarget section */
		17EF77F02596EA2E003E7DB9 /* MikanNavi */ = {
			isa = PBXNativeTarget;
			buildConfigurationList = 17EF781B2596EA37003E7DB9 /* Build configuration list for PBXNativeTarget "MikanNavi" */;
			buildPhases = (
				D9212A64FD8863DF1348E894 /* [CP] Check Pods Manifest.lock */,
				17EF77ED2596EA2E003E7DB9 /* Sources */,
				17EF77EE2596EA2E003E7DB9 /* Frameworks */,
				17EF77EF2596EA2E003E7DB9 /* Resources */,
				1C1E7565E4875BB796B1B092 /* [CP] Embed Pods Frameworks */,
			);
			buildRules = (
			);
			dependencies = (
			);
			name = MikanNavi;
			productName = MikanNavi;
			productReference = 17EF77F12596EA2E003E7DB9 /* MikanNavi.app */;
			productType = "com.apple.product-type.application";
		};
		17EF78062596EA37003E7DB9 /* MikanNaviTests */ = {
			isa = PBXNativeTarget;
			buildConfigurationList = 17EF781E2596EA37003E7DB9 /* Build configuration list for PBXNativeTarget "MikanNaviTests" */;
			buildPhases = (
				B7942F407C924B5D283D66C9 /* [CP] Check Pods Manifest.lock */,
				17EF78032596EA37003E7DB9 /* Sources */,
				17EF78042596EA37003E7DB9 /* Frameworks */,
				17EF78052596EA37003E7DB9 /* Resources */,
			);
			buildRules = (
			);
			dependencies = (
				17EF78092596EA37003E7DB9 /* PBXTargetDependency */,
			);
			name = MikanNaviTests;
			productName = MikanNaviTests;
			productReference = 17EF78072596EA37003E7DB9 /* MikanNaviTests.xctest */;
			productType = "com.apple.product-type.bundle.unit-test";
		};
		17EF78112596EA37003E7DB9 /* MikanNaviUITests */ = {
			isa = PBXNativeTarget;
			buildConfigurationList = 17EF78212596EA37003E7DB9 /* Build configuration list for PBXNativeTarget "MikanNaviUITests" */;
			buildPhases = (
				8C3821624BF075482843B066 /* [CP] Check Pods Manifest.lock */,
				17EF780E2596EA37003E7DB9 /* Sources */,
				17EF780F2596EA37003E7DB9 /* Frameworks */,
				17EF78102596EA37003E7DB9 /* Resources */,
				1331B38EF3731CFB0A8C0C11 /* [CP] Embed Pods Frameworks */,
			);
			buildRules = (
			);
			dependencies = (
				17EF78142596EA37003E7DB9 /* PBXTargetDependency */,
			);
			name = MikanNaviUITests;
			productName = MikanNaviUITests;
			productReference = 17EF78122596EA37003E7DB9 /* MikanNaviUITests.xctest */;
			productType = "com.apple.product-type.bundle.ui-testing";
		};
/* End PBXNativeTarget section */

/* Begin PBXProject section */
		17EF77E92596EA2E003E7DB9 /* Project object */ = {
			isa = PBXProject;
			attributes = {
				LastSwiftUpdateCheck = 1220;
				LastUpgradeCheck = 1220;
				TargetAttributes = {
					17EF77F02596EA2E003E7DB9 = {
						CreatedOnToolsVersion = 12.2;
					};
					17EF78062596EA37003E7DB9 = {
						CreatedOnToolsVersion = 12.2;
						TestTargetID = 17EF77F02596EA2E003E7DB9;
					};
					17EF78112596EA37003E7DB9 = {
						CreatedOnToolsVersion = 12.2;
						TestTargetID = 17EF77F02596EA2E003E7DB9;
					};
				};
			};
			buildConfigurationList = 17EF77EC2596EA2E003E7DB9 /* Build configuration list for PBXProject "MikanNavi" */;
			compatibilityVersion = "Xcode 9.3";
			developmentRegion = en;
			hasScannedForEncodings = 0;
			knownRegions = (
				en,
				Base,
			);
			mainGroup = 17EF77E82596EA2E003E7DB9;
			productRefGroup = 17EF77F22596EA2E003E7DB9 /* Products */;
			projectDirPath = "";
			projectRoot = "";
			targets = (
				17EF77F02596EA2E003E7DB9 /* MikanNavi */,
				17EF78062596EA37003E7DB9 /* MikanNaviTests */,
				17EF78112596EA37003E7DB9 /* MikanNaviUITests */,
			);
		};
/* End PBXProject section */

/* Begin PBXResourcesBuildPhase section */
		17EF77EF2596EA2E003E7DB9 /* Resources */ = {
			isa = PBXResourcesBuildPhase;
			buildActionMask = 2147483647;
			files = (
				17EF785925970C56003E7DB9 /* PostOrangeView.storyboard in Resources */,
				17EF78012596EA36003E7DB9 /* LaunchScreen.storyboard in Resources */,
				179A8E8D2597B21B00ECCB72 /* CustomTableViewCell.xib in Resources */,
				17EF77FE2596EA36003E7DB9 /* Assets.xcassets in Resources */,
				17EF77FC2596EA2E003E7DB9 /* Main.storyboard in Resources */,
				17EF78342596EEF8003E7DB9 /* LoginView.storyboard in Resources */,
			);
			runOnlyForDeploymentPostprocessing = 0;
		};
		17EF78052596EA37003E7DB9 /* Resources */ = {
			isa = PBXResourcesBuildPhase;
			buildActionMask = 2147483647;
			files = (
			);
			runOnlyForDeploymentPostprocessing = 0;
		};
		17EF78102596EA37003E7DB9 /* Resources */ = {
			isa = PBXResourcesBuildPhase;
			buildActionMask = 2147483647;
			files = (
			);
			runOnlyForDeploymentPostprocessing = 0;
		};
/* End PBXResourcesBuildPhase section */

/* Begin PBXShellScriptBuildPhase section */
		1331B38EF3731CFB0A8C0C11 /* [CP] Embed Pods Frameworks */ = {
			isa = PBXShellScriptBuildPhase;
			buildActionMask = 2147483647;
			files = (
			);
			inputFileListPaths = (
				"${PODS_ROOT}/Target Support Files/Pods-MikanNavi-MikanNaviUITests/Pods-MikanNavi-MikanNaviUITests-frameworks-${CONFIGURATION}-input-files.xcfilelist",
			);
			name = "[CP] Embed Pods Frameworks";
			outputFileListPaths = (
				"${PODS_ROOT}/Target Support Files/Pods-MikanNavi-MikanNaviUITests/Pods-MikanNavi-MikanNaviUITests-frameworks-${CONFIGURATION}-output-files.xcfilelist",
			);
			runOnlyForDeploymentPostprocessing = 0;
			shellPath = /bin/sh;
			shellScript = "\"${PODS_ROOT}/Target Support Files/Pods-MikanNavi-MikanNaviUITests/Pods-MikanNavi-MikanNaviUITests-frameworks.sh\"\n";
			showEnvVarsInLog = 0;
		};
		1C1E7565E4875BB796B1B092 /* [CP] Embed Pods Frameworks */ = {
			isa = PBXShellScriptBuildPhase;
			buildActionMask = 2147483647;
			files = (
			);
			inputFileListPaths = (
				"${PODS_ROOT}/Target Support Files/Pods-MikanNavi/Pods-MikanNavi-frameworks-${CONFIGURATION}-input-files.xcfilelist",
			);
			name = "[CP] Embed Pods Frameworks";
			outputFileListPaths = (
				"${PODS_ROOT}/Target Support Files/Pods-MikanNavi/Pods-MikanNavi-frameworks-${CONFIGURATION}-output-files.xcfilelist",
			);
			runOnlyForDeploymentPostprocessing = 0;
			shellPath = /bin/sh;
			shellScript = "\"${PODS_ROOT}/Target Support Files/Pods-MikanNavi/Pods-MikanNavi-frameworks.sh\"\n";
			showEnvVarsInLog = 0;
		};
		8C3821624BF075482843B066 /* [CP] Check Pods Manifest.lock */ = {
			isa = PBXShellScriptBuildPhase;
			buildActionMask = 2147483647;
			files = (
			);
			inputFileListPaths = (
			);
			inputPaths = (
				"${PODS_PODFILE_DIR_PATH}/Podfile.lock",
				"${PODS_ROOT}/Manifest.lock",
			);
			name = "[CP] Check Pods Manifest.lock";
			outputFileListPaths = (
			);
			outputPaths = (
				"$(DERIVED_FILE_DIR)/Pods-MikanNavi-MikanNaviUITests-checkManifestLockResult.txt",
			);
			runOnlyForDeploymentPostprocessing = 0;
			shellPath = /bin/sh;
			shellScript = "diff \"${PODS_PODFILE_DIR_PATH}/Podfile.lock\" \"${PODS_ROOT}/Manifest.lock\" > /dev/null\nif [ $? != 0 ] ; then\n    # print error to STDERR\n    echo \"error: The sandbox is not in sync with the Podfile.lock. Run 'pod install' or update your CocoaPods installation.\" >&2\n    exit 1\nfi\n# This output is used by Xcode 'outputs' to avoid re-running this script phase.\necho \"SUCCESS\" > \"${SCRIPT_OUTPUT_FILE_0}\"\n";
			showEnvVarsInLog = 0;
		};
		B7942F407C924B5D283D66C9 /* [CP] Check Pods Manifest.lock */ = {
			isa = PBXShellScriptBuildPhase;
			buildActionMask = 2147483647;
			files = (
			);
			inputFileListPaths = (
			);
			inputPaths = (
				"${PODS_PODFILE_DIR_PATH}/Podfile.lock",
				"${PODS_ROOT}/Manifest.lock",
			);
			name = "[CP] Check Pods Manifest.lock";
			outputFileListPaths = (
			);
			outputPaths = (
				"$(DERIVED_FILE_DIR)/Pods-MikanNaviTests-checkManifestLockResult.txt",
			);
			runOnlyForDeploymentPostprocessing = 0;
			shellPath = /bin/sh;
			shellScript = "diff \"${PODS_PODFILE_DIR_PATH}/Podfile.lock\" \"${PODS_ROOT}/Manifest.lock\" > /dev/null\nif [ $? != 0 ] ; then\n    # print error to STDERR\n    echo \"error: The sandbox is not in sync with the Podfile.lock. Run 'pod install' or update your CocoaPods installation.\" >&2\n    exit 1\nfi\n# This output is used by Xcode 'outputs' to avoid re-running this script phase.\necho \"SUCCESS\" > \"${SCRIPT_OUTPUT_FILE_0}\"\n";
			showEnvVarsInLog = 0;
		};
		D9212A64FD8863DF1348E894 /* [CP] Check Pods Manifest.lock */ = {
			isa = PBXShellScriptBuildPhase;
			buildActionMask = 2147483647;
			files = (
			);
			inputFileListPaths = (
			);
			inputPaths = (
				"${PODS_PODFILE_DIR_PATH}/Podfile.lock",
				"${PODS_ROOT}/Manifest.lock",
			);
			name = "[CP] Check Pods Manifest.lock";
			outputFileListPaths = (
			);
			outputPaths = (
				"$(DERIVED_FILE_DIR)/Pods-MikanNavi-checkManifestLockResult.txt",
			);
			runOnlyForDeploymentPostprocessing = 0;
			shellPath = /bin/sh;
			shellScript = "diff \"${PODS_PODFILE_DIR_PATH}/Podfile.lock\" \"${PODS_ROOT}/Manifest.lock\" > /dev/null\nif [ $? != 0 ] ; then\n    # print error to STDERR\n    echo \"error: The sandbox is not in sync with the Podfile.lock. Run 'pod install' or update your CocoaPods installation.\" >&2\n    exit 1\nfi\n# This output is used by Xcode 'outputs' to avoid re-running this script phase.\necho \"SUCCESS\" > \"${SCRIPT_OUTPUT_FILE_0}\"\n";
			showEnvVarsInLog = 0;
		};
/* End PBXShellScriptBuildPhase section */

/* Begin PBXSourcesBuildPhase section */
		17EF77ED2596EA2E003E7DB9 /* Sources */ = {
			isa = PBXSourcesBuildPhase;
			buildActionMask = 2147483647;
			files = (
				17EF77F92596EA2E003E7DB9 /* ViewController.swift in Sources */,
				17EF77F52596EA2E003E7DB9 /* AppDelegate.swift in Sources */,
				17EF785425970C32003E7DB9 /* PostOrangeViewController.swift in Sources */,
				179A8E8C2597B21B00ECCB72 /* CustomTableViewCell.swift in Sources */,
				179A8E462597ADE300ECCB72 /* LoginViewController.swift in Sources */,
				179A8E832597B1A700ECCB72 /* ContainerViewController.swift in Sources */,
				17EF77F72596EA2E003E7DB9 /* SceneDelegate.swift in Sources */,
			);
			runOnlyForDeploymentPostprocessing = 0;
		};
		17EF78032596EA37003E7DB9 /* Sources */ = {
			isa = PBXSourcesBuildPhase;
			buildActionMask = 2147483647;
			files = (
				17EF780C2596EA37003E7DB9 /* MikanNaviTests.swift in Sources */,
			);
			runOnlyForDeploymentPostprocessing = 0;
		};
		17EF780E2596EA37003E7DB9 /* Sources */ = {
			isa = PBXSourcesBuildPhase;
			buildActionMask = 2147483647;
			files = (
				17EF78172596EA37003E7DB9 /* MikanNaviUITests.swift in Sources */,
			);
			runOnlyForDeploymentPostprocessing = 0;
		};
/* End PBXSourcesBuildPhase section */

/* Begin PBXTargetDependency section */
		17EF78092596EA37003E7DB9 /* PBXTargetDependency */ = {
			isa = PBXTargetDependency;
			target = 17EF77F02596EA2E003E7DB9 /* MikanNavi */;
			targetProxy = 17EF78082596EA37003E7DB9 /* PBXContainerItemProxy */;
		};
		17EF78142596EA37003E7DB9 /* PBXTargetDependency */ = {
			isa = PBXTargetDependency;
			target = 17EF77F02596EA2E003E7DB9 /* MikanNavi */;
			targetProxy = 17EF78132596EA37003E7DB9 /* PBXContainerItemProxy */;
		};
/* End PBXTargetDependency section */

/* Begin PBXVariantGroup section */
		17EF77FA2596EA2E003E7DB9 /* Main.storyboard */ = {
			isa = PBXVariantGroup;
			children = (
				17EF77FB2596EA2E003E7DB9 /* Base */,
			);
			name = Main.storyboard;
			sourceTree = "<group>";
		};
		17EF77FF2596EA36003E7DB9 /* LaunchScreen.storyboard */ = {
			isa = PBXVariantGroup;
			children = (
				17EF78002596EA36003E7DB9 /* Base */,
			);
			name = LaunchScreen.storyboard;
			sourceTree = "<group>";
		};
/* End PBXVariantGroup section */

/* Begin XCBuildConfiguration section */
		17EF78192596EA37003E7DB9 /* Debug */ = {
			isa = XCBuildConfiguration;
			buildSettings = {
				ALWAYS_SEARCH_USER_PATHS = NO;
				CLANG_ANALYZER_NONNULL = YES;
				CLANG_ANALYZER_NUMBER_OBJECT_CONVERSION = YES_AGGRESSIVE;
				CLANG_CXX_LANGUAGE_STANDARD = "gnu++14";
				CLANG_CXX_LIBRARY = "libc++";
				CLANG_ENABLE_MODULES = YES;
				CLANG_ENABLE_OBJC_ARC = YES;
				CLANG_ENABLE_OBJC_WEAK = YES;
				CLANG_WARN_BLOCK_CAPTURE_AUTORELEASING = YES;
				CLANG_WARN_BOOL_CONVERSION = YES;
				CLANG_WARN_COMMA = YES;
				CLANG_WARN_CONSTANT_CONVERSION = YES;
				CLANG_WARN_DEPRECATED_OBJC_IMPLEMENTATIONS = YES;
				CLANG_WARN_DIRECT_OBJC_ISA_USAGE = YES_ERROR;
				CLANG_WARN_DOCUMENTATION_COMMENTS = YES;
				CLANG_WARN_EMPTY_BODY = YES;
				CLANG_WARN_ENUM_CONVERSION = YES;
				CLANG_WARN_INFINITE_RECURSION = YES;
				CLANG_WARN_INT_CONVERSION = YES;
				CLANG_WARN_NON_LITERAL_NULL_CONVERSION = YES;
				CLANG_WARN_OBJC_IMPLICIT_RETAIN_SELF = YES;
				CLANG_WARN_OBJC_LITERAL_CONVERSION = YES;
				CLANG_WARN_OBJC_ROOT_CLASS = YES_ERROR;
				CLANG_WARN_QUOTED_INCLUDE_IN_FRAMEWORK_HEADER = YES;
				CLANG_WARN_RANGE_LOOP_ANALYSIS = YES;
				CLANG_WARN_STRICT_PROTOTYPES = YES;
				CLANG_WARN_SUSPICIOUS_MOVE = YES;
				CLANG_WARN_UNGUARDED_AVAILABILITY = YES_AGGRESSIVE;
				CLANG_WARN_UNREACHABLE_CODE = YES;
				CLANG_WARN__DUPLICATE_METHOD_MATCH = YES;
				COPY_PHASE_STRIP = NO;
				DEBUG_INFORMATION_FORMAT = dwarf;
				ENABLE_STRICT_OBJC_MSGSEND = YES;
				ENABLE_TESTABILITY = YES;
				GCC_C_LANGUAGE_STANDARD = gnu11;
				GCC_DYNAMIC_NO_PIC = NO;
				GCC_NO_COMMON_BLOCKS = YES;
				GCC_OPTIMIZATION_LEVEL = 0;
				GCC_PREPROCESSOR_DEFINITIONS = (
					"DEBUG=1",
					"$(inherited)",
				);
				GCC_WARN_64_TO_32_BIT_CONVERSION = YES;
				GCC_WARN_ABOUT_RETURN_TYPE = YES_ERROR;
				GCC_WARN_UNDECLARED_SELECTOR = YES;
				GCC_WARN_UNINITIALIZED_AUTOS = YES_AGGRESSIVE;
				GCC_WARN_UNUSED_FUNCTION = YES;
				GCC_WARN_UNUSED_VARIABLE = YES;
				IPHONEOS_DEPLOYMENT_TARGET = 14.2;
				MTL_ENABLE_DEBUG_INFO = INCLUDE_SOURCE;
				MTL_FAST_MATH = YES;
				ONLY_ACTIVE_ARCH = YES;
				SDKROOT = iphoneos;
				SWIFT_ACTIVE_COMPILATION_CONDITIONS = DEBUG;
				SWIFT_OPTIMIZATION_LEVEL = "-Onone";
			};
			name = Debug;
		};
		17EF781A2596EA37003E7DB9 /* Release */ = {
			isa = XCBuildConfiguration;
			buildSettings = {
				ALWAYS_SEARCH_USER_PATHS = NO;
				CLANG_ANALYZER_NONNULL = YES;
				CLANG_ANALYZER_NUMBER_OBJECT_CONVERSION = YES_AGGRESSIVE;
				CLANG_CXX_LANGUAGE_STANDARD = "gnu++14";
				CLANG_CXX_LIBRARY = "libc++";
				CLANG_ENABLE_MODULES = YES;
				CLANG_ENABLE_OBJC_ARC = YES;
				CLANG_ENABLE_OBJC_WEAK = YES;
				CLANG_WARN_BLOCK_CAPTURE_AUTORELEASING = YES;
				CLANG_WARN_BOOL_CONVERSION = YES;
				CLANG_WARN_COMMA = YES;
				CLANG_WARN_CONSTANT_CONVERSION = YES;
				CLANG_WARN_DEPRECATED_OBJC_IMPLEMENTATIONS = YES;
				CLANG_WARN_DIRECT_OBJC_ISA_USAGE = YES_ERROR;
				CLANG_WARN_DOCUMENTATION_COMMENTS = YES;
				CLANG_WARN_EMPTY_BODY = YES;
				CLANG_WARN_ENUM_CONVERSION = YES;
				CLANG_WARN_INFINITE_RECURSION = YES;
				CLANG_WARN_INT_CONVERSION = YES;
				CLANG_WARN_NON_LITERAL_NULL_CONVERSION = YES;
				CLANG_WARN_OBJC_IMPLICIT_RETAIN_SELF = YES;
				CLANG_WARN_OBJC_LITERAL_CONVERSION = YES;
				CLANG_WARN_OBJC_ROOT_CLASS = YES_ERROR;
				CLANG_WARN_QUOTED_INCLUDE_IN_FRAMEWORK_HEADER = YES;
				CLANG_WARN_RANGE_LOOP_ANALYSIS = YES;
				CLANG_WARN_STRICT_PROTOTYPES = YES;
				CLANG_WARN_SUSPICIOUS_MOVE = YES;
				CLANG_WARN_UNGUARDED_AVAILABILITY = YES_AGGRESSIVE;
				CLANG_WARN_UNREACHABLE_CODE = YES;
				CLANG_WARN__DUPLICATE_METHOD_MATCH = YES;
				COPY_PHASE_STRIP = NO;
				DEBUG_INFORMATION_FORMAT = "dwarf-with-dsym";
				ENABLE_NS_ASSERTIONS = NO;
				ENABLE_STRICT_OBJC_MSGSEND = YES;
				GCC_C_LANGUAGE_STANDARD = gnu11;
				GCC_NO_COMMON_BLOCKS = YES;
				GCC_WARN_64_TO_32_BIT_CONVERSION = YES;
				GCC_WARN_ABOUT_RETURN_TYPE = YES_ERROR;
				GCC_WARN_UNDECLARED_SELECTOR = YES;
				GCC_WARN_UNINITIALIZED_AUTOS = YES_AGGRESSIVE;
				GCC_WARN_UNUSED_FUNCTION = YES;
				GCC_WARN_UNUSED_VARIABLE = YES;
				IPHONEOS_DEPLOYMENT_TARGET = 14.2;
				MTL_ENABLE_DEBUG_INFO = NO;
				MTL_FAST_MATH = YES;
				SDKROOT = iphoneos;
				SWIFT_COMPILATION_MODE = wholemodule;
				SWIFT_OPTIMIZATION_LEVEL = "-O";
				VALIDATE_PRODUCT = YES;
			};
			name = Release;
		};
		17EF781C2596EA37003E7DB9 /* Debug */ = {
			isa = XCBuildConfiguration;
			baseConfigurationReference = B3C0C228697AFD13DB7C5F0E /* Pods-MikanNavi.debug.xcconfig */;
			buildSettings = {
				ASSETCATALOG_COMPILER_APPICON_NAME = AppIcon;
				ASSETCATALOG_COMPILER_GLOBAL_ACCENT_COLOR_NAME = AccentColor;
				CODE_SIGN_STYLE = Automatic;
				CURRENT_PROJECT_VERSION = 1.0.0;
				DEVELOPMENT_TEAM = S87T9D4D6C;
				GCC_NO_COMMON_BLOCKS = YES;
				INFOPLIST_FILE = MikanNavi/Info.plist;
				LD_RUNPATH_SEARCH_PATHS = (
					"$(inherited)",
					"@executable_path/Frameworks",
				);
				MARKETING_VERSION = 1.0.0;
				PRODUCT_BUNDLE_IDENTIFIER = wataru07.MikanNavi;
				PRODUCT_NAME = "$(TARGET_NAME)";
				SWIFT_VERSION = 5.0;
				TARGETED_DEVICE_FAMILY = "1,2";
			};
			name = Debug;
		};
		17EF781D2596EA37003E7DB9 /* Release */ = {
			isa = XCBuildConfiguration;
			baseConfigurationReference = 59AE6663EE106D0F2770B4A3 /* Pods-MikanNavi.release.xcconfig */;
			buildSettings = {
				ASSETCATALOG_COMPILER_APPICON_NAME = AppIcon;
				ASSETCATALOG_COMPILER_GLOBAL_ACCENT_COLOR_NAME = AccentColor;
				CODE_SIGN_STYLE = Automatic;
				CURRENT_PROJECT_VERSION = 1.0.0;
				DEVELOPMENT_TEAM = S87T9D4D6C;
				GCC_NO_COMMON_BLOCKS = YES;
				INFOPLIST_FILE = MikanNavi/Info.plist;
				LD_RUNPATH_SEARCH_PATHS = (
					"$(inherited)",
					"@executable_path/Frameworks",
				);
				MARKETING_VERSION = 1.0.0;
				PRODUCT_BUNDLE_IDENTIFIER = wataru07.MikanNavi;
				PRODUCT_NAME = "$(TARGET_NAME)";
				SWIFT_VERSION = 5.0;
				TARGETED_DEVICE_FAMILY = "1,2";
			};
			name = Release;
		};
		17EF781F2596EA37003E7DB9 /* Debug */ = {
			isa = XCBuildConfiguration;
			baseConfigurationReference = 596DF23BAE8EBA4AD442F373 /* Pods-MikanNaviTests.debug.xcconfig */;
			buildSettings = {
				ALWAYS_EMBED_SWIFT_STANDARD_LIBRARIES = YES;
				BUNDLE_LOADER = "$(TEST_HOST)";
				CODE_SIGN_STYLE = Automatic;
				DEVELOPMENT_TEAM = S87T9D4D6C;
				INFOPLIST_FILE = MikanNaviTests/Info.plist;
				IPHONEOS_DEPLOYMENT_TARGET = 14.2;
				LD_RUNPATH_SEARCH_PATHS = (
					"$(inherited)",
					"@executable_path/Frameworks",
					"@loader_path/Frameworks",
				);
				PRODUCT_BUNDLE_IDENTIFIER = wataru07.MikanNaviTests;
				PRODUCT_NAME = "$(TARGET_NAME)";
				SWIFT_VERSION = 5.0;
				TARGETED_DEVICE_FAMILY = "1,2";
				TEST_HOST = "$(BUILT_PRODUCTS_DIR)/MikanNavi.app/MikanNavi";
			};
			name = Debug;
		};
		17EF78202596EA37003E7DB9 /* Release */ = {
			isa = XCBuildConfiguration;
			baseConfigurationReference = 8E9717EB09EF78E24C22E565 /* Pods-MikanNaviTests.release.xcconfig */;
			buildSettings = {
				ALWAYS_EMBED_SWIFT_STANDARD_LIBRARIES = YES;
				BUNDLE_LOADER = "$(TEST_HOST)";
				CODE_SIGN_STYLE = Automatic;
				DEVELOPMENT_TEAM = S87T9D4D6C;
				INFOPLIST_FILE = MikanNaviTests/Info.plist;
				IPHONEOS_DEPLOYMENT_TARGET = 14.2;
				LD_RUNPATH_SEARCH_PATHS = (
					"$(inherited)",
					"@executable_path/Frameworks",
					"@loader_path/Frameworks",
				);
				PRODUCT_BUNDLE_IDENTIFIER = wataru07.MikanNaviTests;
				PRODUCT_NAME = "$(TARGET_NAME)";
				SWIFT_VERSION = 5.0;
				TARGETED_DEVICE_FAMILY = "1,2";
				TEST_HOST = "$(BUILT_PRODUCTS_DIR)/MikanNavi.app/MikanNavi";
			};
			name = Release;
		};
		17EF78222596EA37003E7DB9 /* Debug */ = {
			isa = XCBuildConfiguration;
			baseConfigurationReference = F59D699BB6908D5BAB8D540E /* Pods-MikanNavi-MikanNaviUITests.debug.xcconfig */;
			buildSettings = {
				ALWAYS_EMBED_SWIFT_STANDARD_LIBRARIES = YES;
				CODE_SIGN_STYLE = Automatic;
				DEVELOPMENT_TEAM = S87T9D4D6C;
				INFOPLIST_FILE = MikanNaviUITests/Info.plist;
				LD_RUNPATH_SEARCH_PATHS = (
					"$(inherited)",
					"@executable_path/Frameworks",
					"@loader_path/Frameworks",
				);
				PRODUCT_BUNDLE_IDENTIFIER = wataru07.MikanNaviUITests;
				PRODUCT_NAME = "$(TARGET_NAME)";
				SWIFT_VERSION = 5.0;
				TARGETED_DEVICE_FAMILY = "1,2";
				TEST_TARGET_NAME = MikanNavi;
			};
			name = Debug;
		};
		17EF78232596EA37003E7DB9 /* Release */ = {
			isa = XCBuildConfiguration;
			baseConfigurationReference = 3D38D45B6A9AFD07A21B1525 /* Pods-MikanNavi-MikanNaviUITests.release.xcconfig */;
			buildSettings = {
				ALWAYS_EMBED_SWIFT_STANDARD_LIBRARIES = YES;
				CODE_SIGN_STYLE = Automatic;
				DEVELOPMENT_TEAM = S87T9D4D6C;
				INFOPLIST_FILE = MikanNaviUITests/Info.plist;
				LD_RUNPATH_SEARCH_PATHS = (
					"$(inherited)",
					"@executable_path/Frameworks",
					"@loader_path/Frameworks",
				);
				PRODUCT_BUNDLE_IDENTIFIER = wataru07.MikanNaviUITests;
				PRODUCT_NAME = "$(TARGET_NAME)";
				SWIFT_VERSION = 5.0;
				TARGETED_DEVICE_FAMILY = "1,2";
				TEST_TARGET_NAME = MikanNavi;
			};
			name = Release;
		};
/* End XCBuildConfiguration section */

/* Begin XCConfigurationList section */
		17EF77EC2596EA2E003E7DB9 /* Build configuration list for PBXProject "MikanNavi" */ = {
			isa = XCConfigurationList;
			buildConfigurations = (
				17EF78192596EA37003E7DB9 /* Debug */,
				17EF781A2596EA37003E7DB9 /* Release */,
			);
			defaultConfigurationIsVisible = 0;
			defaultConfigurationName = Release;
		};
		17EF781B2596EA37003E7DB9 /* Build configuration list for PBXNativeTarget "MikanNavi" */ = {
			isa = XCConfigurationList;
			buildConfigurations = (
				17EF781C2596EA37003E7DB9 /* Debug */,
				17EF781D2596EA37003E7DB9 /* Release */,
			);
			defaultConfigurationIsVisible = 0;
			defaultConfigurationName = Release;
		};
		17EF781E2596EA37003E7DB9 /* Build configuration list for PBXNativeTarget "MikanNaviTests" */ = {
			isa = XCConfigurationList;
			buildConfigurations = (
				17EF781F2596EA37003E7DB9 /* Debug */,
				17EF78202596EA37003E7DB9 /* Release */,
			);
			defaultConfigurationIsVisible = 0;
			defaultConfigurationName = Release;
		};
		17EF78212596EA37003E7DB9 /* Build configuration list for PBXNativeTarget "MikanNaviUITests" */ = {
			isa = XCConfigurationList;
			buildConfigurations = (
				17EF78222596EA37003E7DB9 /* Debug */,
				17EF78232596EA37003E7DB9 /* Release */,
			);
			defaultConfigurationIsVisible = 0;
			defaultConfigurationName = Release;
		};
/* End XCConfigurationList section */
	};
	rootObject = 17EF77E92596EA2E003E7DB9 /* Project object */;
}
